{
  "name": "munin-db",
  "version": "0.3.1",
  "lockfileVersion": 1,
  "requires": true,
  "dependencies": {
    "async": {
      "version": "0.9.2",
      "resolved": "https://registry.npmjs.org/async/-/async-0.9.2.tgz",
      "integrity": "sha1-rqdNXmHB+JlhO/ZL2mbUx48v0X0="
    },
    "dateformat": {
      "version": "3.0.3",
      "resolved": "https://registry.npmjs.org/dateformat/-/dateformat-3.0.3.tgz",
      "integrity": "sha512-jyCETtSl3VMZMWeRo7iY1FL19ges1t55hMo5yaam4Jrsm5EPL89UQkoQRyiI+Yf4k8r2ZpdngkV8hr1lIdjb3Q=="
    },
    "debug": {
      "version": "0.7.4",
      "resolved": "https://registry.npmjs.org/debug/-/debug-0.7.4.tgz",
      "integrity": "sha1-BuHqgILCyxTjmAbiLi9vdX+Srzk="
    },
    "fs": {
      "version": "0.0.2",
      "resolved": "https://registry.npmjs.org/fs/-/fs-0.0.2.tgz",
      "integrity": "sha1-4fJE7zkzwbKmS9R5kTYGDQ9ZFPg="
    },
    "locutus": {
      "version": "2.0.10",
      "resolved": "https://registry.npmjs.org/locutus/-/locutus-2.0.10.tgz",
      "integrity": "sha512-AZg2kCqrquMJ5FehDsBidV0qHl98NrsYtseUClzjAQ3HFnsDBJTCwGVplSQ82t9/QfgahqvTjaKcZqZkHmS0wQ=="
    },
    "merge": {
      "version": "2.1.1",
      "resolved": "https://registry.npmjs.org/merge/-/merge-2.1.1.tgz",
      "integrity": "sha512-jz+Cfrg9GWOZbQAnDQ4hlVnQky+341Yk5ru8bZSe6sIDTCIg8n9i/u7hSQGSVOF3C7lH6mGtqjkiT9G4wFLL0w=="
    },
    "printf": {
      "version": "0.6.1",
      "resolved": "https://registry.npmjs.org/printf/-/printf-0.6.1.tgz",
      "integrity": "sha512-is0ctgGdPJ5951KulgfzvHGwJtZ5ck8l042vRkV6jrkpBzTmb/lueTqguWHy2JfVA+RY6gFVlaZgUS0j7S/dsw=="
    },
    "rrdtool": {
      "version": "0.1.1",
      "resolved": "https://registry.npmjs.org/rrdtool/-/rrdtool-0.1.1.tgz",
      "integrity": "sha512-/YXioUaEyRFWFFD9IW6wtXb2NgnXbGjzitWUt5P3OSYMDiSdAMJovqvxg7wWUOelxZlm3b6FciFCEU+Uok8jdw==",
      "requires": {
        "async": "^0.9.0",
        "debug": "~0.7.4"
      }
    },
    "strtotime": {
      "version": "1.0.0",
      "resolved": "https://registry.npmjs.org/strtotime/-/strtotime-1.0.0.tgz",
      "integrity": "sha1-ETAZA12aQC0486jx35KBWd9rbxY="
    }
  }
}
